
Microsoft Visual Studio Solution File, Format Version 12.00
# Visual Studio Version 17
VisualStudioVersion = 17.2.32630.192
MinimumVisualStudioVersion = 10.0.40219.1
Project("{FAE04EC0-301F-11D3-BF4B-00C04F79EFBC}") = "Telegram_bot_chatGPT", "Telegram_bot_chatGPT\Telegram_bot_chatGPT.csproj", "{C091A479-12BF-4941-AE5F-AAF6E0EC4C3A}"
EndProject
Global
	GlobalSection(SolutionConfigurationPlatforms) = preSolution
		Debug|Any CPU = Debug|Any CPU
		Release|Any CPU = Release|Any CPU
	EndGlobalSection
	GlobalSection(ProjectConfigurationPlatforms) = postSolution
		{C091A479-12BF-4941-AE5F-AAF6E0EC4C3A}.Debug|Any CPU.ActiveCfg = Debug|Any CPU
		{C091A479-12BF-4941-AE5F-AAF6E0EC4C3A}.Debug|Any CPU.Build.0 = Debug|Any CPU
		{C091A479-12BF-4941-AE5F-AAF6E0EC4C3A}.Release|Any CPU.ActiveCfg = Release|Any CPU
		{C091A479-12BF-4941-AE5F-AAF6E0EC4C3A}.Release|Any CPU.Build.0 = Release|Any CPU
	EndGlobalSection
	GlobalSection(SolutionProperties) = preSolution
		HideSolutionNode = FALSE
	EndGlobalSection
	GlobalSection(ExtensibilityGlobals) = postSolution
		SolutionGuid = {ABA8F937-868D-44F4-BBF5-C63919D52161}
	EndGlobalSection
EndGlobal
